
Microsoft Visual Studio Solution File, Format Version 12.00
# Visual Studio 15
Project("{FAE04EC0-301F-11D3-BF4B-00C04F79EFBC}") = "homework9", "homework9.csproj", "{45901CE0-AB5D-A426-B583-48E924012BCA}"
EndProject
Project("{FAE04EC0-301F-11D3-BF4B-00C04F79EFBC}") = "homework9.Plugins", "homework9.Plugins.csproj", "{E7CB2370-3248-3B51-BAA5-2A0A3C7DFD9E}"
EndProject
Project("{FAE04EC0-301F-11D3-BF4B-00C04F79EFBC}") = "homework9.Editor.Plugins", "homework9.Editor.Plugins.csproj", "{8B75C3BD-5858-3431-1A84-66DAEECBE71E}"
EndProject
Global
	GlobalSection(SolutionConfigurationPlatforms) = preSolution
		Debug|Any CPU = Debug|Any CPU
		Release|Any CPU = Release|Any CPU
	EndGlobalSection
	GlobalSection(ProjectConfigurationPlatforms) = postSolution
		{45901CE0-AB5D-A426-B583-48E924012BCA}.Debug|Any CPU.ActiveCfg = Debug|Any CPU
		{45901CE0-AB5D-A426-B583-48E924012BCA}.Debug|Any CPU.Build.0 = Debug|Any CPU
		{45901CE0-AB5D-A426-B583-48E924012BCA}.Release|Any CPU.ActiveCfg = Release|Any CPU
		{45901CE0-AB5D-A426-B583-48E924012BCA}.Release|Any CPU.Build.0 = Release|Any CPU
		{E7CB2370-3248-3B51-BAA5-2A0A3C7DFD9E}.Debug|Any CPU.ActiveCfg = Debug|Any CPU
		{E7CB2370-3248-3B51-BAA5-2A0A3C7DFD9E}.Debug|Any CPU.Build.0 = Debug|Any CPU
		{E7CB2370-3248-3B51-BAA5-2A0A3C7DFD9E}.Release|Any CPU.ActiveCfg = Release|Any CPU
		{E7CB2370-3248-3B51-BAA5-2A0A3C7DFD9E}.Release|Any CPU.Build.0 = Release|Any CPU
		{8B75C3BD-5858-3431-1A84-66DAEECBE71E}.Debug|Any CPU.ActiveCfg = Debug|Any CPU
		{8B75C3BD-5858-3431-1A84-66DAEECBE71E}.Debug|Any CPU.Build.0 = Debug|Any CPU
		{8B75C3BD-5858-3431-1A84-66DAEECBE71E}.Release|Any CPU.ActiveCfg = Release|Any CPU
		{8B75C3BD-5858-3431-1A84-66DAEECBE71E}.Release|Any CPU.Build.0 = Release|Any CPU
	EndGlobalSection
	GlobalSection(SolutionProperties) = preSolution
		HideSolutionNode = FALSE
	EndGlobalSection
EndGlobal
